
Microsoft Visual Studio Solution File, Format Version 12.00
# Visual Studio Version 16
VisualStudioVersion = 16.0.30406.217
MinimumVisualStudioVersion = 10.0.40219.1
Project("{FAE04EC0-301F-11D3-BF4B-00C04F79EFBC}") = "MathGames", "MathGames\MathGames.csproj", "{D53BC5CA-8FE1-495E-A72E-90572C15B361}"
EndProject
Global
	GlobalSection(SolutionConfigurationPlatforms) = preSolution
		Debug|Any CPU = Debug|Any CPU
		Release|Any CPU = Release|Any CPU
	EndGlobalSection
	GlobalSection(ProjectConfigurationPlatforms) = postSolution
		{D53BC5CA-8FE1-495E-A72E-90572C15B361}.Debug|Any CPU.ActiveCfg = Debug|Any CPU
		{D53BC5CA-8FE1-495E-A72E-90572C15B361}.Debug|Any CPU.Build.0 = Debug|Any CPU
		{D53BC5CA-8FE1-495E-A72E-90572C15B361}.Release|Any CPU.ActiveCfg = Release|Any CPU
		{D53BC5CA-8FE1-495E-A72E-90572C15B361}.Release|Any CPU.Build.0 = Release|Any CPU
	EndGlobalSection
	GlobalSection(SolutionProperties) = preSolution
		HideSolutionNode = FALSE
	EndGlobalSection
	GlobalSection(ExtensibilityGlobals) = postSolution
		SolutionGuid = {B644081E-0870-4759-A297-567C4A07DD1F}
	EndGlobalSection
EndGlobal
